
Microsoft Visual Studio Solution File, Format Version 12.00
# Visual Studio Version 17
VisualStudioVersion = 17.0.31903.59
MinimumVisualStudioVersion = 10.0.40219.1
Project("{2150E333-8FDC-42A3-9474-1A3956D46DE8}") = "src", "src", "{FD1EFAFF-21C1-40D2-A393-40329CCE24F5}"
EndProject
Project("{FAE04EC0-301F-11D3-BF4B-00C04F79EFBC}") = "ValidationAPI", "src\ValidationAPI\ValidationAPI.csproj", "{E81D83A2-DFE6-4606-BBA6-6C99D4880A77}"
EndProject
Global
	GlobalSection(SolutionConfigurationPlatforms) = preSolution
		Debug|Any CPU = Debug|Any CPU
		Release|Any CPU = Release|Any CPU
	EndGlobalSection
	GlobalSection(SolutionProperties) = preSolution
		HideSolutionNode = FALSE
	EndGlobalSection
	GlobalSection(ProjectConfigurationPlatforms) = postSolution
		{E81D83A2-DFE6-4606-BBA6-6C99D4880A77}.Debug|Any CPU.ActiveCfg = Debug|Any CPU
		{E81D83A2-DFE6-4606-BBA6-6C99D4880A77}.Debug|Any CPU.Build.0 = Debug|Any CPU
		{E81D83A2-DFE6-4606-BBA6-6C99D4880A77}.Release|Any CPU.ActiveCfg = Release|Any CPU
		{E81D83A2-DFE6-4606-BBA6-6C99D4880A77}.Release|Any CPU.Build.0 = Release|Any CPU
	EndGlobalSection
	GlobalSection(NestedProjects) = preSolution
		{E81D83A2-DFE6-4606-BBA6-6C99D4880A77} = {FD1EFAFF-21C1-40D2-A393-40329CCE24F5}
	EndGlobalSection
EndGlobal
